// !$*UTF8*$!
{
	archiveVersion = 1;
	classes = {
	};
	objectVersion = 46;
	objects = {

/* Begin PBXBuildFile section */
		91E5D2161F8EFDA700DD0C16 /* AppDelegate.swift in Sources */ = {isa = PBXBuildFile; fileRef = 91E5D2151F8EFDA700DD0C16 /* AppDelegate.swift */; };
		91E5D2181F8EFDA700DD0C16 /* ViewController.swift in Sources */ = {isa = PBXBuildFile; fileRef = 91E5D2171F8EFDA700DD0C16 /* ViewController.swift */; };
		91E5D21B1F8EFDA700DD0C16 /* Main.storyboard in Resources */ = {isa = PBXBuildFile; fileRef = 91E5D2191F8EFDA700DD0C16 /* Main.storyboard */; };
		91E5D21D1F8EFDA700DD0C16 /* Assets.xcassets in Resources */ = {isa = PBXBuildFile; fileRef = 91E5D21C1F8EFDA700DD0C16 /* Assets.xcassets */; };
		91E5D2201F8EFDA700DD0C16 /* LaunchScreen.storyboard in Resources */ = {isa = PBXBuildFile; fileRef = 91E5D21E1F8EFDA700DD0C16 /* LaunchScreen.storyboard */; };
/* End PBXBuildFile section */

/* Begin PBXFileReference section */
		91E5D2121F8EFDA700DD0C16 /* PokemonGo.app */ = {isa = PBXFileReference; explicitFileType = wrapper.application; includeInIndex = 0; path = PokemonGo.app; sourceTree = BUILT_PRODUCTS_DIR; };
		91E5D2151F8EFDA700DD0C16 /* AppDelegate.swift */ = {isa = PBXFileReference; lastKnownFileType = sourcecode.swift; path = AppDelegate.swift; sourceTree = "<group>"; };
		91E5D2171F8EFDA700DD0C16 /* ViewController.swift */ = {isa = PBXFileReference; lastKnownFileType = sourcecode.swift; path = ViewController.swift; sourceTree = "<group>"; };
		91E5D21A1F8EFDA700DD0C16 /* Base */ = {isa = PBXFileReference; lastKnownFileType = file.storyboard; name = Base; path = Base.lproj/Main.storyboard; sourceTree = "<group>"; };
		91E5D21C1F8EFDA700DD0C16 /* Assets.xcassets */ = {isa = PBXFileReference; lastKnownFileType = folder.assetcatalog; path = Assets.xcassets; sourceTree = "<group>"; };
		91E5D21F1F8EFDA700DD0C16 /* Base */ = {isa = PBXFileReference; lastKnownFileType = file.storyboard; name = Base; path = Base.lproj/LaunchScreen.storyboard; sourceTree = "<group>"; };
		91E5D2211F8EFDA700DD0C16 /* Info.plist */ = {isa = PBXFileReference; lastKnownFileType = text.plist.xml; path = Info.plist; sourceTree = "<group>"; };
/* End PBXFileReference section */

/* Begin PBXFrameworksBuildPhase section */
		91E5D20F1F8EFDA700DD0C16 /* Frameworks */ = {
			isa = PBXFrameworksBuildPhase;
			buildActionMask = 2147483647;
			files = (
			);
			runOnlyForDeploymentPostprocessing = 0;
		};
/* End PBXFrameworksBuildPhase section */

/* Begin PBXGroup section */
		91E5D2091F8EFDA700DD0C16 = {
			isa = PBXGroup;
			children = (
				91E5D2141F8EFDA700DD0C16 /* PokemonGo */,
				91E5D2131F8EFDA700DD0C16 /* Products */,
			);
			sourceTree = "<group>";
		};
		91E5D2131F8EFDA700DD0C16 /* Products */ = {
			isa = PBXGroup;
			children = (
				91E5D2121F8EFDA700DD0C16 /* PokemonGo.app */,
			);
			name = Products;
			sourceTree = "<group>";
		};
		91E5D2141F8EFDA700DD0C16 /* PokemonGo */ = {
			isa = PBXGroup;
			children = (
				91E5D2151F8EFDA700DD0C16 /* AppDelegate.swift */,
				91E5D2171F8EFDA700DD0C16 /* ViewController.swift */,
				91E5D2191F8EFDA700DD0C16 /* Main.storyboard */,
				91E5D21C1F8EFDA700DD0C16 /* Assets.xcassets */,
				91E5D21E1F8EFDA700DD0C16 /* LaunchScreen.storyboard */,
				91E5D2211F8EFDA700DD0C16 /* Info.plist */,
			);
			path = PokemonGo;
			sourceTree = "<group>";
		};
/* End PBXGroup section */

/* Begin PBXNativeTarget section */
		91E5D2111F8EFDA700DD0C16 /* PokemonGo */ = {
			isa = PBXNativeTarget;
			buildConfigurationList = 91E5D2241F8EFDA700DD0C16 /* Build configuration list for PBXNativeTarget "PokemonGo" */;
			buildPhases = (
				91E5D20E1F8EFDA700DD0C16 /* Sources */,
				91E5D20F1F8EFDA700DD0C16 /* Frameworks */,
				91E5D2101F8EFDA700DD0C16 /* Resources */,
			);
			buildRules = (
			);
			dependencies = (
			);
			name = PokemonGo;
			productName = PokemonGo;
			productReference = 91E5D2121F8EFDA700DD0C16 /* PokemonGo.app */;
			productType = "com.apple.product-type.application";
		};
/* End PBXNativeTarget section */

/* Begin PBXProject section */
		91E5D20A1F8EFDA700DD0C16 /* Project object */ = {
			isa = PBXProject;
			attributes = {
				LastSwiftUpdateCheck = 0830;
				LastUpgradeCheck = 0830;
				ORGANIZATIONNAME = "William Schoettler";
				TargetAttributes = {
					91E5D2111F8EFDA700DD0C16 = {
						CreatedOnToolsVersion = 8.3.3;
						DevelopmentTeam = 8532CE4KD5;
						ProvisioningStyle = Automatic;
					};
				};
			};
			buildConfigurationList = 91E5D20D1F8EFDA700DD0C16 /* Build configuration list for PBXProject "PokemonGo" */;
			compatibilityVersion = "Xcode 3.2";
			developmentRegion = English;
			hasScannedForEncodings = 0;
			knownRegions = (
				en,
				Base,
			);
			mainGroup = 91E5D2091F8EFDA700DD0C16;
			productRefGroup = 91E5D2131F8EFDA700DD0C16 /* Products */;
			projectDirPath = "";
			projectRoot = "";
			targets = (
				91E5D2111F8EFDA700DD0C16 /* PokemonGo */,
			);
		};
/* End PBXProject section */

/* Begin PBXResourcesBuildPhase section */
		91E5D2101F8EFDA700DD0C16 /* Resources */ = {
			isa = PBXResourcesBuildPhase;
			buildActionMask = 2147483647;
			files = (
				91E5D2201F8EFDA700DD0C16 /* LaunchScreen.storyboard in Resources */,
				91E5D21D1F8EFDA700DD0C16 /* Assets.xcassets in Resources */,
				91E5D21B1F8EFDA700DD0C16 /* Main.storyboard in Resources */,
			);
			runOnlyForDeploymentPostprocessing = 0;
		};
/* End PBXResourcesBuildPhase section */

/* Begin PBXSourcesBuildPhase section */
		91E5D20E1F8EFDA700DD0C16 /* Sources */ = {
			isa = PBXSourcesBuildPhase;
			buildActionMask = 2147483647;
			files = (
				91E5D2181F8EFDA700DD0C16 /* ViewController.swift in Sources */,
				91E5D2161F8EFDA700DD0C16 /* AppDelegate.swift in Sources */,
			);
			runOnlyForDeploymentPostprocessing = 0;
		};
/* End PBXSourcesBuildPhase section */

/* Begin PBXVariantGroup section */
		91E5D2191F8EFDA700DD0C16 /* Main.storyboard */ = {
			isa = PBXVariantGroup;
			children = (
				91E5D21A1F8EFDA700DD0C16 /* Base */,
			);
			name = Main.storyboard;
			sourceTree = "<group>";
		};
		91E5D21E1F8EFDA700DD0C16 /* LaunchScreen.storyboard */ = {
			isa = PBXVariantGroup;
			children = (
				91E5D21F1F8EFDA700DD0C16 /* Base */,
			);
			name = LaunchScreen.storyboard;
			sourceTree = "<group>";
		};
/* End PBXVariantGroup section */

/* Begin XCBuildConfiguration section */
		91E5D2221F8EFDA700DD0C16 /* Debug */ = {
			isa = XCBuildConfiguration;
			buildSettings = {
				ALWAYS_SEARCH_USER_PATHS = NO;
				CLANG_ANALYZER_NONNULL = YES;
				CLANG_ANALYZER_NUMBER_OBJECT_CONVERSION = YES_AGGRESSIVE;
				CLANG_CXX_LANGUAGE_STANDARD = "gnu++0x";
				CLANG_CXX_LIBRARY = "libc++";
				CLANG_ENABLE_MODULES = YES;
				CLANG_ENABLE_OBJC_ARC = YES;
				CLANG_WARN_BOOL_CONVERSION = YES;
				CLANG_WARN_CONSTANT_CONVERSION = YES;
				CLANG_WARN_DIRECT_OBJC_ISA_USAGE = YES_ERROR;
				CLANG_WARN_DOCUMENTATION_COMMENTS = YES;
				CLANG_WARN_EMPTY_BODY = YES;
				CLANG_WARN_ENUM_CONVERSION = YES;
				CLANG_WARN_INFINITE_RECURSION = YES;
				CLANG_WARN_INT_CONVERSION = YES;
				CLANG_WARN_OBJC_ROOT_CLASS = YES_ERROR;
				CLANG_WARN_SUSPICIOUS_MOVE = YES;
				CLANG_WARN_UNREACHABLE_CODE = YES;
				CLANG_WARN__DUPLICATE_METHOD_MATCH = YES;
				"CODE_SIGN_IDENTITY[sdk=iphoneos*]" = "iPhone Developer";
				COPY_PHASE_STRIP = NO;
				DEBUG_INFORMATION_FORMAT = dwarf;
				ENABLE_STRICT_OBJC_MSGSEND = YES;
				ENABLE_TESTABILITY = YES;
				GCC_C_LANGUAGE_STANDARD = gnu99;
				GCC_DYNAMIC_NO_PIC = NO;
				GCC_NO_COMMON_BLOCKS = YES;
				GCC_OPTIMIZATION_LEVEL = 0;
				GCC_PREPROCESSOR_DEFINITIONS = (
					"DEBUG=1",
					"$(inherited)",
				);
				GCC_WARN_64_TO_32_BIT_CONVERSION = YES;
				GCC_WARN_ABOUT_RETURN_TYPE = YES_ERROR;
				GCC_WARN_UNDECLARED_SELECTOR = YES;
				GCC_WARN_UNINITIALIZED_AUTOS = YES_AGGRESSIVE;
				GCC_WARN_UNUSED_FUNCTION = YES;
				GCC_WARN_UNUSED_VARIABLE = YES;
				IPHONEOS_DEPLOYMENT_TARGET = 10.3;
				MTL_ENABLE_DEBUG_INFO = YES;
				ONLY_ACTIVE_ARCH = YES;
				SDKROOT = iphoneos;
				SWIFT_ACTIVE_COMPILATION_CONDITIONS = DEBUG;
				SWIFT_OPTIMIZATION_LEVEL = "-Onone";
				TARGETED_DEVICE_FAMILY = "1,2";
			};
			name = Debug;
		};
		91E5D2231F8EFDA700DD0C16 /* Release */ = {
			isa = XCBuildConfiguration;
			buildSettings = {
				ALWAYS_SEARCH_USER_PATHS = NO;
				CLANG_ANALYZER_NONNULL = YES;
				CLANG_ANALYZER_NUMBER_OBJECT_CONVERSION = YES_AGGRESSIVE;
				CLANG_CXX_LANGUAGE_STANDARD = "gnu++0x";
				CLANG_CXX_LIBRARY = "libc++";
				CLANG_ENABLE_MODULES = YES;
				CLANG_ENABLE_OBJC_ARC = YES;
				CLANG_WARN_BOOL_CONVERSION = YES;
				CLANG_WARN_CONSTANT_CONVERSION = YES;
				CLANG_WARN_DIRECT_OBJC_ISA_USAGE = YES_ERROR;
				CLANG_WARN_DOCUMENTATION_COMMENTS = YES;
				CLANG_WARN_EMPTY_BODY = YES;
				CLANG_WARN_ENUM_CONVERSION = YES;
				CLANG_WARN_INFINITE_RECURSION = YES;
				CLANG_WARN_INT_CONVERSION = YES;
				CLANG_WARN_OBJC_ROOT_CLASS = YES_ERROR;
				CLANG_WARN_SUSPICIOUS_MOVE = YES;
				CLANG_WARN_UNREACHABLE_CODE = YES;
				CLANG_WARN__DUPLICATE_METHOD_MATCH = YES;
				"CODE_SIGN_IDENTITY[sdk=iphoneos*]" = "iPhone Developer";
				COPY_PHASE_STRIP = NO;
				DEBUG_INFORMATION_FORMAT = "dwarf-with-dsym";
				ENABLE_NS_ASSERTIONS = NO;
				ENABLE_STRICT_OBJC_MSGSEND = YES;
				GCC_C_LANGUAGE_STANDARD = gnu99;
				GCC_NO_COMMON_BLOCKS = YES;
				GCC_WARN_64_TO_32_BIT_CONVERSION = YES;
				GCC_WARN_ABOUT_RETURN_TYPE = YES_ERROR;
				GCC_WARN_UNDECLARED_SELECTOR = YES;
				GCC_WARN_UNINITIALIZED_AUTOS = YES_AGGRESSIVE;
				GCC_WARN_UNUSED_FUNCTION = YES;
				GCC_WARN_UNUSED_VARIABLE = YES;
				IPHONEOS_DEPLOYMENT_TARGET = 10.3;
				MTL_ENABLE_DEBUG_INFO = NO;
				SDKROOT = iphoneos;
				SWIFT_OPTIMIZATION_LEVEL = "-Owholemodule";
				TARGETED_DEVICE_FAMILY = "1,2";
				VALIDATE_PRODUCT = YES;
			};
			name = Release;
		};
		91E5D2251F8EFDA700DD0C16 /* Debug */ = {
			isa = XCBuildConfiguration;
			buildSettings = {
				ASSETCATALOG_COMPILER_APPICON_NAME = AppIcon;
				DEVELOPMENT_TEAM = 8532CE4KD5;
				INFOPLIST_FILE = PokemonGo/Info.plist;
				LD_RUNPATH_SEARCH_PATHS = "$(inherited) @executable_path/Frameworks";
				PRODUCT_BUNDLE_IDENTIFIER = wejus.PokemonGo;
				PRODUCT_NAME = "$(TARGET_NAME)";
				SWIFT_VERSION = 3.0;
			};
			name = Debug;
		};
		91E5D2261F8EFDA700DD0C16 /* Release */ = {
			isa = XCBuildConfiguration;
			buildSettings = {
				ASSETCATALOG_COMPILER_APPICON_NAME = AppIcon;
				DEVELOPMENT_TEAM = 8532CE4KD5;
				INFOPLIST_FILE = PokemonGo/Info.plist;
				LD_RUNPATH_SEARCH_PATHS = "$(inherited) @executable_path/Frameworks";
				PRODUCT_BUNDLE_IDENTIFIER = wejus.PokemonGo;
				PRODUCT_NAME = "$(TARGET_NAME)";
				SWIFT_VERSION = 3.0;
			};
			name = Release;
		};
/* End XCBuildConfiguration section */

/* Begin XCConfigurationList section */
		91E5D20D1F8EFDA700DD0C16 /* Build configuration list for PBXProject "PokemonGo" */ = {
			isa = XCConfigurationList;
			buildConfigurations = (
				91E5D2221F8EFDA700DD0C16 /* Debug */,
				91E5D2231F8EFDA700DD0C16 /* Release */,
			);
			defaultConfigurationIsVisible = 0;
			defaultConfigurationName = Release;
		};
		91E5D2241F8EFDA700DD0C16 /* Build configuration list for PBXNativeTarget "PokemonGo" */ = {
			isa = XCConfigurationList;
			buildConfigurations = (
				91E5D2251F8EFDA700DD0C16 /* Debug */,
				91E5D2261F8EFDA700DD0C16 /* Release */,
			);
			defaultConfigurationIsVisible = 0;
		};
/* End XCConfigurationList section */
	};
	rootObject = 91E5D20A1F8EFDA700DD0C16 /* Project object */;
}
